
Microsoft Visual Studio Solution File, Format Version 12.00
# Visual Studio 2012
Project("{FAE04EC0-301F-11D3-BF4B-00C04F79EFBC}") = "PhotoPicker09", "PhotoPicker09\PhotoPicker09.csproj", "{D2FC699B-2350-49AF-8156-A613797B0D95}"
EndProject
Global
	GlobalSection(SolutionConfigurationPlatforms) = preSolution
		Debug|iPhoneSimulator = Debug|iPhoneSimulator
		Release|iPhone = Release|iPhone
		Release|iPhoneSimulator = Release|iPhoneSimulator
		Debug|iPhone = Debug|iPhone
	EndGlobalSection
	GlobalSection(ProjectConfigurationPlatforms) = postSolution
		{D2FC699B-2350-49AF-8156-A613797B0D95}.Debug|iPhoneSimulator.ActiveCfg = Debug|iPhoneSimulator
		{D2FC699B-2350-49AF-8156-A613797B0D95}.Debug|iPhoneSimulator.Build.0 = Debug|iPhoneSimulator
		{D2FC699B-2350-49AF-8156-A613797B0D95}.Release|iPhone.ActiveCfg = Release|iPhone
		{D2FC699B-2350-49AF-8156-A613797B0D95}.Release|iPhone.Build.0 = Release|iPhone
		{D2FC699B-2350-49AF-8156-A613797B0D95}.Release|iPhoneSimulator.ActiveCfg = Release|iPhoneSimulator
		{D2FC699B-2350-49AF-8156-A613797B0D95}.Release|iPhoneSimulator.Build.0 = Release|iPhoneSimulator
		{D2FC699B-2350-49AF-8156-A613797B0D95}.Debug|iPhone.ActiveCfg = Debug|iPhone
		{D2FC699B-2350-49AF-8156-A613797B0D95}.Debug|iPhone.Build.0 = Debug|iPhone
	EndGlobalSection
EndGlobal
